
Microsoft Visual Studio Solution File, Format Version 12.00
# Visual Studio Version 16
VisualStudioVersion = 16.0.29806.167
MinimumVisualStudioVersion = 10.0.40219.1
Project("{9A19103F-16F7-4668-BE54-9A1E7A4F7556}") = "BitBayClient", "BitBayClient\BitBayClient.csproj", "{8EBB6589-A232-4A81-B1F8-2F6CDE730638}"
	ProjectSection(ProjectDependencies) = postProject
		{2260DFAF-7E95-41F1-9562-955C0D915D4C} = {2260DFAF-7E95-41F1-9562-955C0D915D4C}
	EndProjectSection
EndProject
Project("{9A19103F-16F7-4668-BE54-9A1E7A4F7556}") = "ExchangeBasicData", "ExchangeBasicData\ExchangeBasicData.csproj", "{2260DFAF-7E95-41F1-9562-955C0D915D4C}"
EndProject
Project("{9A19103F-16F7-4668-BE54-9A1E7A4F7556}") = "ExchangeBasicDataTests", "ExchangeBasicDataTests\ExchangeBasicDataTests.csproj", "{2155EB51-FB02-4C9F-8913-B81559484A48}"
EndProject
Project("{FAE04EC0-301F-11D3-BF4B-00C04F79EFBC}") = "BitBayClientTests", "BitBayClientTests\BitBayClientTests.csproj", "{EEA1B78B-FD65-46AB-AC12-22C14BCB3009}"
EndProject
Project("{FAE04EC0-301F-11D3-BF4B-00C04F79EFBC}") = "BitBayClientIntegratedTests.cs", "BitBayClientIntegratedTests.cs\BitBayClientIntegratedTests.cs.csproj", "{47C4D11D-82F2-43ED-AC8A-EF9180A59C0B}"
EndProject
Global
	GlobalSection(SolutionConfigurationPlatforms) = preSolution
		Debug|Any CPU = Debug|Any CPU
		Release|Any CPU = Release|Any CPU
	EndGlobalSection
	GlobalSection(ProjectConfigurationPlatforms) = postSolution
		{8EBB6589-A232-4A81-B1F8-2F6CDE730638}.Debug|Any CPU.ActiveCfg = Debug|Any CPU
		{8EBB6589-A232-4A81-B1F8-2F6CDE730638}.Debug|Any CPU.Build.0 = Debug|Any CPU
		{8EBB6589-A232-4A81-B1F8-2F6CDE730638}.Release|Any CPU.ActiveCfg = Release|Any CPU
		{8EBB6589-A232-4A81-B1F8-2F6CDE730638}.Release|Any CPU.Build.0 = Release|Any CPU
		{2260DFAF-7E95-41F1-9562-955C0D915D4C}.Debug|Any CPU.ActiveCfg = Debug|Any CPU
		{2260DFAF-7E95-41F1-9562-955C0D915D4C}.Debug|Any CPU.Build.0 = Debug|Any CPU
		{2260DFAF-7E95-41F1-9562-955C0D915D4C}.Release|Any CPU.ActiveCfg = Release|Any CPU
		{2260DFAF-7E95-41F1-9562-955C0D915D4C}.Release|Any CPU.Build.0 = Release|Any CPU
		{2155EB51-FB02-4C9F-8913-B81559484A48}.Debug|Any CPU.ActiveCfg = Debug|Any CPU
		{2155EB51-FB02-4C9F-8913-B81559484A48}.Debug|Any CPU.Build.0 = Debug|Any CPU
		{2155EB51-FB02-4C9F-8913-B81559484A48}.Release|Any CPU.ActiveCfg = Release|Any CPU
		{2155EB51-FB02-4C9F-8913-B81559484A48}.Release|Any CPU.Build.0 = Release|Any CPU
		{EEA1B78B-FD65-46AB-AC12-22C14BCB3009}.Debug|Any CPU.ActiveCfg = Debug|Any CPU
		{EEA1B78B-FD65-46AB-AC12-22C14BCB3009}.Debug|Any CPU.Build.0 = Debug|Any CPU
		{EEA1B78B-FD65-46AB-AC12-22C14BCB3009}.Release|Any CPU.ActiveCfg = Release|Any CPU
		{EEA1B78B-FD65-46AB-AC12-22C14BCB3009}.Release|Any CPU.Build.0 = Release|Any CPU
		{47C4D11D-82F2-43ED-AC8A-EF9180A59C0B}.Debug|Any CPU.ActiveCfg = Debug|Any CPU
		{47C4D11D-82F2-43ED-AC8A-EF9180A59C0B}.Debug|Any CPU.Build.0 = Debug|Any CPU
		{47C4D11D-82F2-43ED-AC8A-EF9180A59C0B}.Release|Any CPU.ActiveCfg = Release|Any CPU
		{47C4D11D-82F2-43ED-AC8A-EF9180A59C0B}.Release|Any CPU.Build.0 = Release|Any CPU
	EndGlobalSection
	GlobalSection(SolutionProperties) = preSolution
		HideSolutionNode = FALSE
	EndGlobalSection
	GlobalSection(ExtensibilityGlobals) = postSolution
		SolutionGuid = {ED7EB739-580F-4969-B8AF-CCFCAF21424F}
	EndGlobalSection
EndGlobal
